// !$*UTF8*$!
{
	archiveVersion = 1;
	classes = {
	};
	objectVersion = 46;
	objects = {

/* Begin PBXBuildFile section */
		8849FEA71C30944D00EAB44B /* AppDelegate.swift in Sources */ = {isa = PBXBuildFile; fileRef = 8849FEA61C30944D00EAB44B /* AppDelegate.swift */; };
		8849FEA91C30944D00EAB44B /* ViewController.swift in Sources */ = {isa = PBXBuildFile; fileRef = 8849FEA81C30944D00EAB44B /* ViewController.swift */; };
		8849FEAC1C30944D00EAB44B /* Main.storyboard in Resources */ = {isa = PBXBuildFile; fileRef = 8849FEAA1C30944D00EAB44B /* Main.storyboard */; };
		8849FEAE1C30944D00EAB44B /* Assets.xcassets in Resources */ = {isa = PBXBuildFile; fileRef = 8849FEAD1C30944D00EAB44B /* Assets.xcassets */; };
		8849FEB11C30944D00EAB44B /* LaunchScreen.storyboard in Resources */ = {isa = PBXBuildFile; fileRef = 8849FEAF1C30944D00EAB44B /* LaunchScreen.storyboard */; };
		8849FEBB1C309EFE00EAB44B /* viewPort2.png in Resources */ = {isa = PBXBuildFile; fileRef = 8849FEBA1C309EFE00EAB44B /* viewPort2.png */; };
		8849FEBD1C30A4CF00EAB44B /* Models.swift in Sources */ = {isa = PBXBuildFile; fileRef = 8849FEBC1C30A4CF00EAB44B /* Models.swift */; };
		8849FEDB1C30B7A200EAB44B /* AsyncButton.swift in Sources */ = {isa = PBXBuildFile; fileRef = 8849FEBE1C30B7A200EAB44B /* AsyncButton.swift */; };
		8849FEDC1C30B7A200EAB44B /* AsyncImageView.swift in Sources */ = {isa = PBXBuildFile; fileRef = 8849FEBF1C30B7A200EAB44B /* AsyncImageView.swift */; };
		8849FEDD1C30B7A200EAB44B /* AutoTextView.swift in Sources */ = {isa = PBXBuildFile; fileRef = 8849FEC01C30B7A200EAB44B /* AutoTextView.swift */; };
		8849FEDE1C30B7A200EAB44B /* LoadingView.swift in Sources */ = {isa = PBXBuildFile; fileRef = 8849FEC11C30B7A200EAB44B /* LoadingView.swift */; };
		8849FEDF1C30B7A200EAB44B /* LoadingView.xib in Resources */ = {isa = PBXBuildFile; fileRef = 8849FEC21C30B7A200EAB44B /* LoadingView.xib */; };
		8849FEE01C30B7A200EAB44B /* BlurView.swift in Sources */ = {isa = PBXBuildFile; fileRef = 8849FEC31C30B7A200EAB44B /* BlurView.swift */; };
		8849FEE11C30B7A200EAB44B /* DesignableButton.swift in Sources */ = {isa = PBXBuildFile; fileRef = 8849FEC41C30B7A200EAB44B /* DesignableButton.swift */; };
		8849FEE21C30B7A200EAB44B /* DesignableImageView.swift in Sources */ = {isa = PBXBuildFile; fileRef = 8849FEC51C30B7A200EAB44B /* DesignableImageView.swift */; };
		8849FEE31C30B7A200EAB44B /* DesignableLabel.swift in Sources */ = {isa = PBXBuildFile; fileRef = 8849FEC61C30B7A200EAB44B /* DesignableLabel.swift */; };
		8849FEE41C30B7A200EAB44B /* DesignableTextField.swift in Sources */ = {isa = PBXBuildFile; fileRef = 8849FEC71C30B7A200EAB44B /* DesignableTextField.swift */; };
		8849FEE51C30B7A200EAB44B /* DesignableTextView.swift in Sources */ = {isa = PBXBuildFile; fileRef = 8849FEC81C30B7A200EAB44B /* DesignableTextView.swift */; };
		8849FEE61C30B7A200EAB44B /* DesignableView.swift in Sources */ = {isa = PBXBuildFile; fileRef = 8849FEC91C30B7A200EAB44B /* DesignableView.swift */; };
		8849FEE71C30B7A200EAB44B /* DesignableTabBarController.swift in Sources */ = {isa = PBXBuildFile; fileRef = 8849FECA1C30B7A200EAB44B /* DesignableTabBarController.swift */; };
		8849FEE81C30B7A200EAB44B /* ImageLoader.swift in Sources */ = {isa = PBXBuildFile; fileRef = 8849FECB1C30B7A200EAB44B /* ImageLoader.swift */; };
		8849FEE91C30B7A200EAB44B /* KeyboardLayoutConstraint.swift in Sources */ = {isa = PBXBuildFile; fileRef = 8849FECC1C30B7A200EAB44B /* KeyboardLayoutConstraint.swift */; };
		8849FEEA1C30B7A200EAB44B /* Misc.swift in Sources */ = {isa = PBXBuildFile; fileRef = 8849FECD1C30B7A200EAB44B /* Misc.swift */; };
		8849FEEB1C30B7A200EAB44B /* SoundPlayer.swift in Sources */ = {isa = PBXBuildFile; fileRef = 8849FECE1C30B7A200EAB44B /* SoundPlayer.swift */; };
		8849FEEC1C30B7A200EAB44B /* Spring.swift in Sources */ = {isa = PBXBuildFile; fileRef = 8849FECF1C30B7A200EAB44B /* Spring.swift */; };
		8849FEED1C30B7A200EAB44B /* SpringAnimation.swift in Sources */ = {isa = PBXBuildFile; fileRef = 8849FED01C30B7A200EAB44B /* SpringAnimation.swift */; };
		8849FEEE1C30B7A200EAB44B /* SpringButton.swift in Sources */ = {isa = PBXBuildFile; fileRef = 8849FED11C30B7A200EAB44B /* SpringButton.swift */; };
		8849FEEF1C30B7A200EAB44B /* SpringImageView.swift in Sources */ = {isa = PBXBuildFile; fileRef = 8849FED21C30B7A200EAB44B /* SpringImageView.swift */; };
		8849FEF01C30B7A200EAB44B /* SpringLabel.swift in Sources */ = {isa = PBXBuildFile; fileRef = 8849FED31C30B7A200EAB44B /* SpringLabel.swift */; };
		8849FEF11C30B7A200EAB44B /* SpringTextField.swift in Sources */ = {isa = PBXBuildFile; fileRef = 8849FED41C30B7A200EAB44B /* SpringTextField.swift */; };
		8849FEF21C30B7A200EAB44B /* SpringTextView.swift in Sources */ = {isa = PBXBuildFile; fileRef = 8849FED51C30B7A200EAB44B /* SpringTextView.swift */; };
		8849FEF31C30B7A200EAB44B /* SpringView.swift in Sources */ = {isa = PBXBuildFile; fileRef = 8849FED61C30B7A200EAB44B /* SpringView.swift */; };
		8849FEF41C30B7A200EAB44B /* TransitionManager.swift in Sources */ = {isa = PBXBuildFile; fileRef = 8849FED71C30B7A200EAB44B /* TransitionManager.swift */; };
		8849FEF51C30B7A200EAB44B /* TransitionZoom.swift in Sources */ = {isa = PBXBuildFile; fileRef = 8849FED81C30B7A200EAB44B /* TransitionZoom.swift */; };
		8849FEF61C30B7A200EAB44B /* UnwindSegue.swift in Sources */ = {isa = PBXBuildFile; fileRef = 8849FED91C30B7A200EAB44B /* UnwindSegue.swift */; };
		8849FEF81C30BCFA00EAB44B /* SummaryViewController.swift in Sources */ = {isa = PBXBuildFile; fileRef = 8849FEF71C30BCFA00EAB44B /* SummaryViewController.swift */; };
/* End PBXBuildFile section */

/* Begin PBXFileReference section */
		8849FEA31C30944D00EAB44B /* News Snitch.app */ = {isa = PBXFileReference; explicitFileType = wrapper.application; includeInIndex = 0; path = "News Snitch.app"; sourceTree = BUILT_PRODUCTS_DIR; };
		8849FEA61C30944D00EAB44B /* AppDelegate.swift */ = {isa = PBXFileReference; lastKnownFileType = sourcecode.swift; path = AppDelegate.swift; sourceTree = "<group>"; };
		8849FEA81C30944D00EAB44B /* ViewController.swift */ = {isa = PBXFileReference; lastKnownFileType = sourcecode.swift; path = ViewController.swift; sourceTree = "<group>"; };
		8849FEAB1C30944D00EAB44B /* Base */ = {isa = PBXFileReference; lastKnownFileType = file.storyboard; name = Base; path = Base.lproj/Main.storyboard; sourceTree = "<group>"; };
		8849FEAD1C30944D00EAB44B /* Assets.xcassets */ = {isa = PBXFileReference; lastKnownFileType = folder.assetcatalog; path = Assets.xcassets; sourceTree = "<group>"; };
		8849FEB01C30944D00EAB44B /* Base */ = {isa = PBXFileReference; lastKnownFileType = file.storyboard; name = Base; path = Base.lproj/LaunchScreen.storyboard; sourceTree = "<group>"; };
		8849FEB21C30944D00EAB44B /* Info.plist */ = {isa = PBXFileReference; lastKnownFileType = text.plist.xml; path = Info.plist; sourceTree = "<group>"; };
		8849FEBA1C309EFE00EAB44B /* viewPort2.png */ = {isa = PBXFileReference; lastKnownFileType = image.png; path = viewPort2.png; sourceTree = "<group>"; };
		8849FEBC1C30A4CF00EAB44B /* Models.swift */ = {isa = PBXFileReference; fileEncoding = 4; lastKnownFileType = sourcecode.swift; path = Models.swift; sourceTree = "<group>"; };
		8849FEBE1C30B7A200EAB44B /* AsyncButton.swift */ = {isa = PBXFileReference; fileEncoding = 4; lastKnownFileType = sourcecode.swift; path = AsyncButton.swift; sourceTree = "<group>"; };
		8849FEBF1C30B7A200EAB44B /* AsyncImageView.swift */ = {isa = PBXFileReference; fileEncoding = 4; lastKnownFileType = sourcecode.swift; path = AsyncImageView.swift; sourceTree = "<group>"; };
		8849FEC01C30B7A200EAB44B /* AutoTextView.swift */ = {isa = PBXFileReference; fileEncoding = 4; lastKnownFileType = sourcecode.swift; path = AutoTextView.swift; sourceTree = "<group>"; };
		8849FEC11C30B7A200EAB44B /* LoadingView.swift */ = {isa = PBXFileReference; fileEncoding = 4; lastKnownFileType = sourcecode.swift; path = LoadingView.swift; sourceTree = "<group>"; };
		8849FEC21C30B7A200EAB44B /* LoadingView.xib */ = {isa = PBXFileReference; fileEncoding = 4; lastKnownFileType = file.xib; path = LoadingView.xib; sourceTree = "<group>"; };
		8849FEC31C30B7A200EAB44B /* BlurView.swift */ = {isa = PBXFileReference; fileEncoding = 4; lastKnownFileType = sourcecode.swift; path = BlurView.swift; sourceTree = "<group>"; };
		8849FEC41C30B7A200EAB44B /* DesignableButton.swift */ = {isa = PBXFileReference; fileEncoding = 4; lastKnownFileType = sourcecode.swift; path = DesignableButton.swift; sourceTree = "<group>"; };
		8849FEC51C30B7A200EAB44B /* DesignableImageView.swift */ = {isa = PBXFileReference; fileEncoding = 4; lastKnownFileType = sourcecode.swift; path = DesignableImageView.swift; sourceTree = "<group>"; };
		8849FEC61C30B7A200EAB44B /* DesignableLabel.swift */ = {isa = PBXFileReference; fileEncoding = 4; lastKnownFileType = sourcecode.swift; path = DesignableLabel.swift; sourceTree = "<group>"; };
		8849FEC71C30B7A200EAB44B /* DesignableTextField.swift */ = {isa = PBXFileReference; fileEncoding = 4; lastKnownFileType = sourcecode.swift; path = DesignableTextField.swift; sourceTree = "<group>"; };
		8849FEC81C30B7A200EAB44B /* DesignableTextView.swift */ = {isa = PBXFileReference; fileEncoding = 4; lastKnownFileType = sourcecode.swift; path = DesignableTextView.swift; sourceTree = "<group>"; };
		8849FEC91C30B7A200EAB44B /* DesignableView.swift */ = {isa = PBXFileReference; fileEncoding = 4; lastKnownFileType = sourcecode.swift; path = DesignableView.swift; sourceTree = "<group>"; };
		8849FECA1C30B7A200EAB44B /* DesignableTabBarController.swift */ = {isa = PBXFileReference; fileEncoding = 4; lastKnownFileType = sourcecode.swift; path = DesignableTabBarController.swift; sourceTree = "<group>"; };
		8849FECB1C30B7A200EAB44B /* ImageLoader.swift */ = {isa = PBXFileReference; fileEncoding = 4; lastKnownFileType = sourcecode.swift; path = ImageLoader.swift; sourceTree = "<group>"; };
		8849FECC1C30B7A200EAB44B /* KeyboardLayoutConstraint.swift */ = {isa = PBXFileReference; fileEncoding = 4; lastKnownFileType = sourcecode.swift; path = KeyboardLayoutConstraint.swift; sourceTree = "<group>"; };
		8849FECD1C30B7A200EAB44B /* Misc.swift */ = {isa = PBXFileReference; fileEncoding = 4; lastKnownFileType = sourcecode.swift; path = Misc.swift; sourceTree = "<group>"; };
		8849FECE1C30B7A200EAB44B /* SoundPlayer.swift */ = {isa = PBXFileReference; fileEncoding = 4; lastKnownFileType = sourcecode.swift; path = SoundPlayer.swift; sourceTree = "<group>"; };
		8849FECF1C30B7A200EAB44B /* Spring.swift */ = {isa = PBXFileReference; fileEncoding = 4; lastKnownFileType = sourcecode.swift; path = Spring.swift; sourceTree = "<group>"; };
		8849FED01C30B7A200EAB44B /* SpringAnimation.swift */ = {isa = PBXFileReference; fileEncoding = 4; lastKnownFileType = sourcecode.swift; path = SpringAnimation.swift; sourceTree = "<group>"; };
		8849FED11C30B7A200EAB44B /* SpringButton.swift */ = {isa = PBXFileReference; fileEncoding = 4; lastKnownFileType = sourcecode.swift; path = SpringButton.swift; sourceTree = "<group>"; };
		8849FED21C30B7A200EAB44B /* SpringImageView.swift */ = {isa = PBXFileReference; fileEncoding = 4; lastKnownFileType = sourcecode.swift; path = SpringImageView.swift; sourceTree = "<group>"; };
		8849FED31C30B7A200EAB44B /* SpringLabel.swift */ = {isa = PBXFileReference; fileEncoding = 4; lastKnownFileType = sourcecode.swift; path = SpringLabel.swift; sourceTree = "<group>"; };
		8849FED41C30B7A200EAB44B /* SpringTextField.swift */ = {isa = PBXFileReference; fileEncoding = 4; lastKnownFileType = sourcecode.swift; path = SpringTextField.swift; sourceTree = "<group>"; };
		8849FED51C30B7A200EAB44B /* SpringTextView.swift */ = {isa = PBXFileReference; fileEncoding = 4; lastKnownFileType = sourcecode.swift; path = SpringTextView.swift; sourceTree = "<group>"; };
		8849FED61C30B7A200EAB44B /* SpringView.swift */ = {isa = PBXFileReference; fileEncoding = 4; lastKnownFileType = sourcecode.swift; path = SpringView.swift; sourceTree = "<group>"; };
		8849FED71C30B7A200EAB44B /* TransitionManager.swift */ = {isa = PBXFileReference; fileEncoding = 4; lastKnownFileType = sourcecode.swift; path = TransitionManager.swift; sourceTree = "<group>"; };
		8849FED81C30B7A200EAB44B /* TransitionZoom.swift */ = {isa = PBXFileReference; fileEncoding = 4; lastKnownFileType = sourcecode.swift; path = TransitionZoom.swift; sourceTree = "<group>"; };
		8849FED91C30B7A200EAB44B /* UnwindSegue.swift */ = {isa = PBXFileReference; fileEncoding = 4; lastKnownFileType = sourcecode.swift; path = UnwindSegue.swift; sourceTree = "<group>"; };
		8849FEF71C30BCFA00EAB44B /* SummaryViewController.swift */ = {isa = PBXFileReference; fileEncoding = 4; lastKnownFileType = sourcecode.swift; path = SummaryViewController.swift; sourceTree = "<group>"; };
/* End PBXFileReference section */

/* Begin PBXFrameworksBuildPhase section */
		8849FEA01C30944D00EAB44B /* Frameworks */ = {
			isa = PBXFrameworksBuildPhase;
			buildActionMask = 2147483647;
			files = (
			);
			runOnlyForDeploymentPostprocessing = 0;
		};
/* End PBXFrameworksBuildPhase section */

/* Begin PBXGroup section */
		8849FE9A1C30944D00EAB44B = {
			isa = PBXGroup;
			children = (
				8849FEA51C30944D00EAB44B /* News Snitch */,
				8849FEA41C30944D00EAB44B /* Products */,
			);
			sourceTree = "<group>";
		};
		8849FEA41C30944D00EAB44B /* Products */ = {
			isa = PBXGroup;
			children = (
				8849FEA31C30944D00EAB44B /* News Snitch.app */,
			);
			name = Products;
			sourceTree = "<group>";
		};
		8849FEA51C30944D00EAB44B /* News Snitch */ = {
			isa = PBXGroup;
			children = (
				8849FEDA1C30B7A200EAB44B /* Spring */,
				8849FEBA1C309EFE00EAB44B /* viewPort2.png */,
				8849FEA61C30944D00EAB44B /* AppDelegate.swift */,
				8849FEA81C30944D00EAB44B /* ViewController.swift */,
				8849FEF71C30BCFA00EAB44B /* SummaryViewController.swift */,
				8849FEBC1C30A4CF00EAB44B /* Models.swift */,
				8849FEAA1C30944D00EAB44B /* Main.storyboard */,
				8849FEAD1C30944D00EAB44B /* Assets.xcassets */,
				8849FEAF1C30944D00EAB44B /* LaunchScreen.storyboard */,
				8849FEB21C30944D00EAB44B /* Info.plist */,
			);
			path = "News Snitch";
			sourceTree = "<group>";
		};
		8849FEDA1C30B7A200EAB44B /* Spring */ = {
			isa = PBXGroup;
			children = (
				8849FEBE1C30B7A200EAB44B /* AsyncButton.swift */,
				8849FEBF1C30B7A200EAB44B /* AsyncImageView.swift */,
				8849FEC01C30B7A200EAB44B /* AutoTextView.swift */,
				8849FEC11C30B7A200EAB44B /* LoadingView.swift */,
				8849FEC21C30B7A200EAB44B /* LoadingView.xib */,
				8849FEC31C30B7A200EAB44B /* BlurView.swift */,
				8849FEC41C30B7A200EAB44B /* DesignableButton.swift */,
				8849FEC51C30B7A200EAB44B /* DesignableImageView.swift */,
				8849FEC61C30B7A200EAB44B /* DesignableLabel.swift */,
				8849FEC71C30B7A200EAB44B /* DesignableTextField.swift */,
				8849FEC81C30B7A200EAB44B /* DesignableTextView.swift */,
				8849FEC91C30B7A200EAB44B /* DesignableView.swift */,
				8849FECA1C30B7A200EAB44B /* DesignableTabBarController.swift */,
				8849FECB1C30B7A200EAB44B /* ImageLoader.swift */,
				8849FECC1C30B7A200EAB44B /* KeyboardLayoutConstraint.swift */,
				8849FECD1C30B7A200EAB44B /* Misc.swift */,
				8849FECE1C30B7A200EAB44B /* SoundPlayer.swift */,
				8849FECF1C30B7A200EAB44B /* Spring.swift */,
				8849FED01C30B7A200EAB44B /* SpringAnimation.swift */,
				8849FED11C30B7A200EAB44B /* SpringButton.swift */,
				8849FED21C30B7A200EAB44B /* SpringImageView.swift */,
				8849FED31C30B7A200EAB44B /* SpringLabel.swift */,
				8849FED41C30B7A200EAB44B /* SpringTextField.swift */,
				8849FED51C30B7A200EAB44B /* SpringTextView.swift */,
				8849FED61C30B7A200EAB44B /* SpringView.swift */,
				8849FED71C30B7A200EAB44B /* TransitionManager.swift */,
				8849FED81C30B7A200EAB44B /* TransitionZoom.swift */,
				8849FED91C30B7A200EAB44B /* UnwindSegue.swift */,
			);
			name = Spring;
			path = "../../Spring-master/Spring";
			sourceTree = "<group>";
		};
/* End PBXGroup section */

/* Begin PBXNativeTarget section */
		8849FEA21C30944D00EAB44B /* News Snitch */ = {
			isa = PBXNativeTarget;
			buildConfigurationList = 8849FEB51C30944D00EAB44B /* Build configuration list for PBXNativeTarget "News Snitch" */;
			buildPhases = (
				8849FE9F1C30944D00EAB44B /* Sources */,
				8849FEA01C30944D00EAB44B /* Frameworks */,
				8849FEA11C30944D00EAB44B /* Resources */,
			);
			buildRules = (
			);
			dependencies = (
			);
			name = "News Snitch";
			productName = "News Snitch";
			productReference = 8849FEA31C30944D00EAB44B /* News Snitch.app */;
			productType = "com.apple.product-type.application";
		};
/* End PBXNativeTarget section */

/* Begin PBXProject section */
		8849FE9B1C30944D00EAB44B /* Project object */ = {
			isa = PBXProject;
			attributes = {
				LastSwiftUpdateCheck = 0720;
				LastUpgradeCheck = 0720;
				ORGANIZATIONNAME = "Stephen Casella";
				TargetAttributes = {
					8849FEA21C30944D00EAB44B = {
						CreatedOnToolsVersion = 7.2;
					};
				};
			};
			buildConfigurationList = 8849FE9E1C30944D00EAB44B /* Build configuration list for PBXProject "News Snitch" */;
			compatibilityVersion = "Xcode 3.2";
			developmentRegion = English;
			hasScannedForEncodings = 0;
			knownRegions = (
				en,
				Base,
			);
			mainGroup = 8849FE9A1C30944D00EAB44B;
			productRefGroup = 8849FEA41C30944D00EAB44B /* Products */;
			projectDirPath = "";
			projectRoot = "";
			targets = (
				8849FEA21C30944D00EAB44B /* News Snitch */,
			);
		};
/* End PBXProject section */

/* Begin PBXResourcesBuildPhase section */
		8849FEA11C30944D00EAB44B /* Resources */ = {
			isa = PBXResourcesBuildPhase;
			buildActionMask = 2147483647;
			files = (
				8849FEB11C30944D00EAB44B /* LaunchScreen.storyboard in Resources */,
				8849FEBB1C309EFE00EAB44B /* viewPort2.png in Resources */,
				8849FEAE1C30944D00EAB44B /* Assets.xcassets in Resources */,
				8849FEAC1C30944D00EAB44B /* Main.storyboard in Resources */,
				8849FEDF1C30B7A200EAB44B /* LoadingView.xib in Resources */,
			);
			runOnlyForDeploymentPostprocessing = 0;
		};
/* End PBXResourcesBuildPhase section */

/* Begin PBXSourcesBuildPhase section */
		8849FE9F1C30944D00EAB44B /* Sources */ = {
			isa = PBXSourcesBuildPhase;
			buildActionMask = 2147483647;
			files = (
				8849FEDD1C30B7A200EAB44B /* AutoTextView.swift in Sources */,
				8849FEEF1C30B7A200EAB44B /* SpringImageView.swift in Sources */,
				8849FEE71C30B7A200EAB44B /* DesignableTabBarController.swift in Sources */,
				8849FEE91C30B7A200EAB44B /* KeyboardLayoutConstraint.swift in Sources */,
				8849FEEA1C30B7A200EAB44B /* Misc.swift in Sources */,
				8849FEE01C30B7A200EAB44B /* BlurView.swift in Sources */,
				8849FEF61C30B7A200EAB44B /* UnwindSegue.swift in Sources */,
				8849FEBD1C30A4CF00EAB44B /* Models.swift in Sources */,
				8849FEF11C30B7A200EAB44B /* SpringTextField.swift in Sources */,
				8849FEEC1C30B7A200EAB44B /* Spring.swift in Sources */,
				8849FEA91C30944D00EAB44B /* ViewController.swift in Sources */,
				8849FEEB1C30B7A200EAB44B /* SoundPlayer.swift in Sources */,
				8849FEE61C30B7A200EAB44B /* DesignableView.swift in Sources */,
				8849FEE81C30B7A200EAB44B /* ImageLoader.swift in Sources */,
				8849FEDB1C30B7A200EAB44B /* AsyncButton.swift in Sources */,
				8849FEDC1C30B7A200EAB44B /* AsyncImageView.swift in Sources */,
				8849FEF51C30B7A200EAB44B /* TransitionZoom.swift in Sources */,
				8849FEE21C30B7A200EAB44B /* DesignableImageView.swift in Sources */,
				8849FEF41C30B7A200EAB44B /* TransitionManager.swift in Sources */,
				8849FEF01C30B7A200EAB44B /* SpringLabel.swift in Sources */,
				8849FEE41C30B7A200EAB44B /* DesignableTextField.swift in Sources */,
				8849FEDE1C30B7A200EAB44B /* LoadingView.swift in Sources */,
				8849FEF81C30BCFA00EAB44B /* SummaryViewController.swift in Sources */,
				8849FEA71C30944D00EAB44B /* AppDelegate.swift in Sources */,
				8849FEF31C30B7A200EAB44B /* SpringView.swift in Sources */,
				8849FEF21C30B7A200EAB44B /* SpringTextView.swift in Sources */,
				8849FEE51C30B7A200EAB44B /* DesignableTextView.swift in Sources */,
				8849FEEE1C30B7A200EAB44B /* SpringButton.swift in Sources */,
				8849FEED1C30B7A200EAB44B /* SpringAnimation.swift in Sources */,
				8849FEE11C30B7A200EAB44B /* DesignableButton.swift in Sources */,
				8849FEE31C30B7A200EAB44B /* DesignableLabel.swift in Sources */,
			);
			runOnlyForDeploymentPostprocessing = 0;
		};
/* End PBXSourcesBuildPhase section */

/* Begin PBXVariantGroup section */
		8849FEAA1C30944D00EAB44B /* Main.storyboard */ = {
			isa = PBXVariantGroup;
			children = (
				8849FEAB1C30944D00EAB44B /* Base */,
			);
			name = Main.storyboard;
			sourceTree = "<group>";
		};
		8849FEAF1C30944D00EAB44B /* LaunchScreen.storyboard */ = {
			isa = PBXVariantGroup;
			children = (
				8849FEB01C30944D00EAB44B /* Base */,
			);
			name = LaunchScreen.storyboard;
			sourceTree = "<group>";
		};
/* End PBXVariantGroup section */

/* Begin XCBuildConfiguration section */
		8849FEB31C30944D00EAB44B /* Debug */ = {
			isa = XCBuildConfiguration;
			buildSettings = {
				ALWAYS_SEARCH_USER_PATHS = NO;
				CLANG_CXX_LANGUAGE_STANDARD = "gnu++0x";
				CLANG_CXX_LIBRARY = "libc++";
				CLANG_ENABLE_MODULES = YES;
				CLANG_ENABLE_OBJC_ARC = YES;
				CLANG_WARN_BOOL_CONVERSION = YES;
				CLANG_WARN_CONSTANT_CONVERSION = YES;
				CLANG_WARN_DIRECT_OBJC_ISA_USAGE = YES_ERROR;
				CLANG_WARN_EMPTY_BODY = YES;
				CLANG_WARN_ENUM_CONVERSION = YES;
				CLANG_WARN_INT_CONVERSION = YES;
				CLANG_WARN_OBJC_ROOT_CLASS = YES_ERROR;
				CLANG_WARN_UNREACHABLE_CODE = YES;
				CLANG_WARN__DUPLICATE_METHOD_MATCH = YES;
				"CODE_SIGN_IDENTITY[sdk=iphoneos*]" = "iPhone Developer";
				COPY_PHASE_STRIP = NO;
				DEBUG_INFORMATION_FORMAT = dwarf;
				ENABLE_STRICT_OBJC_MSGSEND = YES;
				ENABLE_TESTABILITY = YES;
				GCC_C_LANGUAGE_STANDARD = gnu99;
				GCC_DYNAMIC_NO_PIC = NO;
				GCC_NO_COMMON_BLOCKS = YES;
				GCC_OPTIMIZATION_LEVEL = 0;
				GCC_PREPROCESSOR_DEFINITIONS = (
					"DEBUG=1",
					"$(inherited)",
				);
				GCC_WARN_64_TO_32_BIT_CONVERSION = YES;
				GCC_WARN_ABOUT_RETURN_TYPE = YES_ERROR;
				GCC_WARN_UNDECLARED_SELECTOR = YES;
				GCC_WARN_UNINITIALIZED_AUTOS = YES_AGGRESSIVE;
				GCC_WARN_UNUSED_FUNCTION = YES;
				GCC_WARN_UNUSED_VARIABLE = YES;
				IPHONEOS_DEPLOYMENT_TARGET = 9.2;
				MTL_ENABLE_DEBUG_INFO = YES;
				ONLY_ACTIVE_ARCH = YES;
				SDKROOT = iphoneos;
				SWIFT_OPTIMIZATION_LEVEL = "-Onone";
			};
			name = Debug;
		};
		8849FEB41C30944D00EAB44B /* Release */ = {
			isa = XCBuildConfiguration;
			buildSettings = {
				ALWAYS_SEARCH_USER_PATHS = NO;
				CLANG_CXX_LANGUAGE_STANDARD = "gnu++0x";
				CLANG_CXX_LIBRARY = "libc++";
				CLANG_ENABLE_MODULES = YES;
				CLANG_ENABLE_OBJC_ARC = YES;
				CLANG_WARN_BOOL_CONVERSION = YES;
				CLANG_WARN_CONSTANT_CONVERSION = YES;
				CLANG_WARN_DIRECT_OBJC_ISA_USAGE = YES_ERROR;
				CLANG_WARN_EMPTY_BODY = YES;
				CLANG_WARN_ENUM_CONVERSION = YES;
				CLANG_WARN_INT_CONVERSION = YES;
				CLANG_WARN_OBJC_ROOT_CLASS = YES_ERROR;
				CLANG_WARN_UNREACHABLE_CODE = YES;
				CLANG_WARN__DUPLICATE_METHOD_MATCH = YES;
				"CODE_SIGN_IDENTITY[sdk=iphoneos*]" = "iPhone Developer";
				COPY_PHASE_STRIP = NO;
				DEBUG_INFORMATION_FORMAT = "dwarf-with-dsym";
				ENABLE_NS_ASSERTIONS = NO;
				ENABLE_STRICT_OBJC_MSGSEND = YES;
				GCC_C_LANGUAGE_STANDARD = gnu99;
				GCC_NO_COMMON_BLOCKS = YES;
				GCC_WARN_64_TO_32_BIT_CONVERSION = YES;
				GCC_WARN_ABOUT_RETURN_TYPE = YES_ERROR;
				GCC_WARN_UNDECLARED_SELECTOR = YES;
				GCC_WARN_UNINITIALIZED_AUTOS = YES_AGGRESSIVE;
				GCC_WARN_UNUSED_FUNCTION = YES;
				GCC_WARN_UNUSED_VARIABLE = YES;
				IPHONEOS_DEPLOYMENT_TARGET = 9.2;
				MTL_ENABLE_DEBUG_INFO = NO;
				SDKROOT = iphoneos;
				VALIDATE_PRODUCT = YES;
			};
			name = Release;
		};
		8849FEB61C30944D00EAB44B /* Debug */ = {
			isa = XCBuildConfiguration;
			buildSettings = {
				ASSETCATALOG_COMPILER_APPICON_NAME = AppIcon;
				INFOPLIST_FILE = "News Snitch/Info.plist";
				LD_RUNPATH_SEARCH_PATHS = "$(inherited) @executable_path/Frameworks";
				PRODUCT_BUNDLE_IDENTIFIER = "com.scasella.news-snitch";
				PRODUCT_NAME = "$(TARGET_NAME)";
			};
			name = Debug;
		};
		8849FEB71C30944D00EAB44B /* Release */ = {
			isa = XCBuildConfiguration;
			buildSettings = {
				ASSETCATALOG_COMPILER_APPICON_NAME = AppIcon;
				INFOPLIST_FILE = "News Snitch/Info.plist";
				LD_RUNPATH_SEARCH_PATHS = "$(inherited) @executable_path/Frameworks";
				PRODUCT_BUNDLE_IDENTIFIER = "com.scasella.news-snitch";
				PRODUCT_NAME = "$(TARGET_NAME)";
			};
			name = Release;
		};
/* End XCBuildConfiguration section */

/* Begin XCConfigurationList section */
		8849FE9E1C30944D00EAB44B /* Build configuration list for PBXProject "News Snitch" */ = {
			isa = XCConfigurationList;
			buildConfigurations = (
				8849FEB31C30944D00EAB44B /* Debug */,
				8849FEB41C30944D00EAB44B /* Release */,
			);
			defaultConfigurationIsVisible = 0;
			defaultConfigurationName = Release;
		};
		8849FEB51C30944D00EAB44B /* Build configuration list for PBXNativeTarget "News Snitch" */ = {
			isa = XCConfigurationList;
			buildConfigurations = (
				8849FEB61C30944D00EAB44B /* Debug */,
				8849FEB71C30944D00EAB44B /* Release */,
			);
			defaultConfigurationIsVisible = 0;
		};
/* End XCConfigurationList section */
	};
	rootObject = 8849FE9B1C30944D00EAB44B /* Project object */;
}
